// !$*UTF8*$!
{
	archiveVersion = 1;
	classes = {
	};
	objectVersion = 46;
	objects = {

/* Begin PBXBuildFile section */
		69FED1981AAA5DA100B0E276 /* main.m in Sources */ = {isa = PBXBuildFile; fileRef = 69FED1971AAA5DA100B0E276 /* main.m */; };
		69FED19B1AAA5DA100B0E276 /* AppDelegate.m in Sources */ = {isa = PBXBuildFile; fileRef = 69FED19A1AAA5DA100B0E276 /* AppDelegate.m */; };
		69FED19E1AAA5DA100B0E276 /* ViewController.m in Sources */ = {isa = PBXBuildFile; fileRef = 69FED19D1AAA5DA100B0E276 /* ViewController.m */; };
		69FED1A11AAA5DA100B0E276 /* Main.storyboard in Resources */ = {isa = PBXBuildFile; fileRef = 69FED19F1AAA5DA100B0E276 /* Main.storyboard */; };
		69FED1A31AAA5DA100B0E276 /* Images.xcassets in Resources */ = {isa = PBXBuildFile; fileRef = 69FED1A21AAA5DA100B0E276 /* Images.xcassets */; };
		69FED1A61AAA5DA100B0E276 /* LaunchScreen.xib in Resources */ = {isa = PBXBuildFile; fileRef = 69FED1A41AAA5DA100B0E276 /* LaunchScreen.xib */; };
		69FED1BE1AAA5E1D00B0E276 /* InfSmartQuotes.m in Sources */ = {isa = PBXBuildFile; fileRef = 69FED1BD1AAA5E1D00B0E276 /* InfSmartQuotes.m */; };
/* End PBXBuildFile section */

/* Begin PBXFileReference section */
		69FED1921AAA5DA100B0E276 /* SmartQuotesDemo.app */ = {isa = PBXFileReference; explicitFileType = wrapper.application; includeInIndex = 0; path = SmartQuotesDemo.app; sourceTree = BUILT_PRODUCTS_DIR; };
		69FED1961AAA5DA100B0E276 /* Info.plist */ = {isa = PBXFileReference; lastKnownFileType = text.plist.xml; path = Info.plist; sourceTree = "<group>"; };
		69FED1971AAA5DA100B0E276 /* main.m */ = {isa = PBXFileReference; lastKnownFileType = sourcecode.c.objc; path = main.m; sourceTree = "<group>"; };
		69FED1991AAA5DA100B0E276 /* AppDelegate.h */ = {isa = PBXFileReference; lastKnownFileType = sourcecode.c.h; path = AppDelegate.h; sourceTree = "<group>"; };
		69FED19A1AAA5DA100B0E276 /* AppDelegate.m */ = {isa = PBXFileReference; lastKnownFileType = sourcecode.c.objc; path = AppDelegate.m; sourceTree = "<group>"; };
		69FED19C1AAA5DA100B0E276 /* ViewController.h */ = {isa = PBXFileReference; lastKnownFileType = sourcecode.c.h; path = ViewController.h; sourceTree = "<group>"; };
		69FED19D1AAA5DA100B0E276 /* ViewController.m */ = {isa = PBXFileReference; lastKnownFileType = sourcecode.c.objc; path = ViewController.m; sourceTree = "<group>"; };
		69FED1A01AAA5DA100B0E276 /* Base */ = {isa = PBXFileReference; lastKnownFileType = file.storyboard; name = Base; path = Base.lproj/Main.storyboard; sourceTree = "<group>"; };
		69FED1A21AAA5DA100B0E276 /* Images.xcassets */ = {isa = PBXFileReference; lastKnownFileType = folder.assetcatalog; path = Images.xcassets; sourceTree = "<group>"; };
		69FED1A51AAA5DA100B0E276 /* Base */ = {isa = PBXFileReference; lastKnownFileType = file.xib; name = Base; path = Base.lproj/LaunchScreen.xib; sourceTree = "<group>"; };
		69FED1BC1AAA5E1D00B0E276 /* InfSmartQuotes.h */ = {isa = PBXFileReference; fileEncoding = 4; lastKnownFileType = sourcecode.c.h; path = InfSmartQuotes.h; sourceTree = "<group>"; };
		69FED1BD1AAA5E1D00B0E276 /* InfSmartQuotes.m */ = {isa = PBXFileReference; fileEncoding = 4; lastKnownFileType = sourcecode.c.objc; path = InfSmartQuotes.m; sourceTree = "<group>"; };
		69FED1BF1AAA628D00B0E276 /* README.md */ = {isa = PBXFileReference; lastKnownFileType = net.daringfireball.markdown; path = README.md; sourceTree = "<group>"; };
		69FED1C01AAA629500B0E276 /* LICENSE */ = {isa = PBXFileReference; lastKnownFileType = text; path = LICENSE; sourceTree = "<group>"; };
/* End PBXFileReference section */

/* Begin PBXFrameworksBuildPhase section */
		69FED18F1AAA5DA100B0E276 /* Frameworks */ = {
			isa = PBXFrameworksBuildPhase;
			buildActionMask = 2147483647;
			files = (
			);
			runOnlyForDeploymentPostprocessing = 0;
		};
/* End PBXFrameworksBuildPhase section */

/* Begin PBXGroup section */
		69FED1891AAA5DA100B0E276 = {
			isa = PBXGroup;
			children = (
				69FED1BF1AAA628D00B0E276 /* README.md */,
				69FED1C01AAA629500B0E276 /* LICENSE */,
				69FED1BB1AAA5E1D00B0E276 /* InfSmartQuotes */,
				69FED1941AAA5DA100B0E276 /* SmartQuotesDemo */,
				69FED1931AAA5DA100B0E276 /* Products */,
			);
			sourceTree = "<group>";
		};
		69FED1931AAA5DA100B0E276 /* Products */ = {
			isa = PBXGroup;
			children = (
				69FED1921AAA5DA100B0E276 /* SmartQuotesDemo.app */,
			);
			name = Products;
			sourceTree = "<group>";
		};
		69FED1941AAA5DA100B0E276 /* SmartQuotesDemo */ = {
			isa = PBXGroup;
			children = (
				69FED1991AAA5DA100B0E276 /* AppDelegate.h */,
				69FED19A1AAA5DA100B0E276 /* AppDelegate.m */,
				69FED19C1AAA5DA100B0E276 /* ViewController.h */,
				69FED19D1AAA5DA100B0E276 /* ViewController.m */,
				69FED19F1AAA5DA100B0E276 /* Main.storyboard */,
				69FED1A21AAA5DA100B0E276 /* Images.xcassets */,
				69FED1A41AAA5DA100B0E276 /* LaunchScreen.xib */,
				69FED1951AAA5DA100B0E276 /* Supporting Files */,
			);
			path = SmartQuotesDemo;
			sourceTree = "<group>";
		};
		69FED1951AAA5DA100B0E276 /* Supporting Files */ = {
			isa = PBXGroup;
			children = (
				69FED1961AAA5DA100B0E276 /* Info.plist */,
				69FED1971AAA5DA100B0E276 /* main.m */,
			);
			name = "Supporting Files";
			sourceTree = "<group>";
		};
		69FED1BB1AAA5E1D00B0E276 /* InfSmartQuotes */ = {
			isa = PBXGroup;
			children = (
				69FED1BC1AAA5E1D00B0E276 /* InfSmartQuotes.h */,
				69FED1BD1AAA5E1D00B0E276 /* InfSmartQuotes.m */,
			);
			path = InfSmartQuotes;
			sourceTree = "<group>";
		};
/* End PBXGroup section */

/* Begin PBXNativeTarget section */
		69FED1911AAA5DA100B0E276 /* SmartQuotesDemo */ = {
			isa = PBXNativeTarget;
			buildConfigurationList = 69FED1B51AAA5DA100B0E276 /* Build configuration list for PBXNativeTarget "SmartQuotesDemo" */;
			buildPhases = (
				69FED18E1AAA5DA100B0E276 /* Sources */,
				69FED18F1AAA5DA100B0E276 /* Frameworks */,
				69FED1901AAA5DA100B0E276 /* Resources */,
			);
			buildRules = (
			);
			dependencies = (
			);
			name = SmartQuotesDemo;
			productName = SmartQuotesDemo;
			productReference = 69FED1921AAA5DA100B0E276 /* SmartQuotesDemo.app */;
			productType = "com.apple.product-type.application";
		};
/* End PBXNativeTarget section */

/* Begin PBXProject section */
		69FED18A1AAA5DA100B0E276 /* Project object */ = {
			isa = PBXProject;
			attributes = {
				LastUpgradeCheck = 0610;
				ORGANIZATIONNAME = "InfinitApps LLC";
				TargetAttributes = {
					69FED1911AAA5DA100B0E276 = {
						CreatedOnToolsVersion = 6.1.1;
					};
				};
			};
			buildConfigurationList = 69FED18D1AAA5DA100B0E276 /* Build configuration list for PBXProject "SmartQuotesDemo" */;
			compatibilityVersion = "Xcode 3.2";
			developmentRegion = English;
			hasScannedForEncodings = 0;
			knownRegions = (
				en,
				Base,
			);
			mainGroup = 69FED1891AAA5DA100B0E276;
			productRefGroup = 69FED1931AAA5DA100B0E276 /* Products */;
			projectDirPath = "";
			projectRoot = "";
			targets = (
				69FED1911AAA5DA100B0E276 /* SmartQuotesDemo */,
			);
		};
/* End PBXProject section */

/* Begin PBXResourcesBuildPhase section */
		69FED1901AAA5DA100B0E276 /* Resources */ = {
			isa = PBXResourcesBuildPhase;
			buildActionMask = 2147483647;
			files = (
				69FED1A11AAA5DA100B0E276 /* Main.storyboard in Resources */,
				69FED1A61AAA5DA100B0E276 /* LaunchScreen.xib in Resources */,
				69FED1A31AAA5DA100B0E276 /* Images.xcassets in Resources */,
			);
			runOnlyForDeploymentPostprocessing = 0;
		};
/* End PBXResourcesBuildPhase section */

/* Begin PBXSourcesBuildPhase section */
		69FED18E1AAA5DA100B0E276 /* Sources */ = {
			isa = PBXSourcesBuildPhase;
			buildActionMask = 2147483647;
			files = (
				69FED1BE1AAA5E1D00B0E276 /* InfSmartQuotes.m in Sources */,
				69FED19E1AAA5DA100B0E276 /* ViewController.m in Sources */,
				69FED19B1AAA5DA100B0E276 /* AppDelegate.m in Sources */,
				69FED1981AAA5DA100B0E276 /* main.m in Sources */,
			);
			runOnlyForDeploymentPostprocessing = 0;
		};
/* End PBXSourcesBuildPhase section */

/* Begin PBXVariantGroup section */
		69FED19F1AAA5DA100B0E276 /* Main.storyboard */ = {
			isa = PBXVariantGroup;
			children = (
				69FED1A01AAA5DA100B0E276 /* Base */,
			);
			name = Main.storyboard;
			sourceTree = "<group>";
		};
		69FED1A41AAA5DA100B0E276 /* LaunchScreen.xib */ = {
			isa = PBXVariantGroup;
			children = (
				69FED1A51AAA5DA100B0E276 /* Base */,
			);
			name = LaunchScreen.xib;
			sourceTree = "<group>";
		};
/* End PBXVariantGroup section */

/* Begin XCBuildConfiguration section */
		69FED1B31AAA5DA100B0E276 /* Debug */ = {
			isa = XCBuildConfiguration;
			buildSettings = {
				ALWAYS_SEARCH_USER_PATHS = NO;
				CLANG_CXX_LANGUAGE_STANDARD = "gnu++0x";
				CLANG_CXX_LIBRARY = "libc++";
				CLANG_ENABLE_MODULES = YES;
				CLANG_ENABLE_OBJC_ARC = YES;
				CLANG_WARN_BOOL_CONVERSION = YES;
				CLANG_WARN_CONSTANT_CONVERSION = YES;
				CLANG_WARN_DIRECT_OBJC_ISA_USAGE = YES_ERROR;
				CLANG_WARN_EMPTY_BODY = YES;
				CLANG_WARN_ENUM_CONVERSION = YES;
				CLANG_WARN_INT_CONVERSION = YES;
				CLANG_WARN_OBJC_ROOT_CLASS = YES_ERROR;
				CLANG_WARN_UNREACHABLE_CODE = YES;
				CLANG_WARN__DUPLICATE_METHOD_MATCH = YES;
				"CODE_SIGN_IDENTITY[sdk=iphoneos*]" = "iPhone Developer";
				COPY_PHASE_STRIP = NO;
				ENABLE_STRICT_OBJC_MSGSEND = YES;
				GCC_C_LANGUAGE_STANDARD = gnu99;
				GCC_DYNAMIC_NO_PIC = NO;
				GCC_OPTIMIZATION_LEVEL = 0;
				GCC_PREPROCESSOR_DEFINITIONS = (
					"DEBUG=1",
					"$(inherited)",
				);
				GCC_SYMBOLS_PRIVATE_EXTERN = NO;
				GCC_WARN_64_TO_32_BIT_CONVERSION = YES;
				GCC_WARN_ABOUT_RETURN_TYPE = YES_ERROR;
				GCC_WARN_UNDECLARED_SELECTOR = YES;
				GCC_WARN_UNINITIALIZED_AUTOS = YES_AGGRESSIVE;
				GCC_WARN_UNUSED_FUNCTION = YES;
				GCC_WARN_UNUSED_VARIABLE = YES;
				IPHONEOS_DEPLOYMENT_TARGET = 8.1;
				MTL_ENABLE_DEBUG_INFO = YES;
				ONLY_ACTIVE_ARCH = YES;
				SDKROOT = iphoneos;
			};
			name = Debug;
		};
		69FED1B41AAA5DA100B0E276 /* Release */ = {
			isa = XCBuildConfiguration;
			buildSettings = {
				ALWAYS_SEARCH_USER_PATHS = NO;
				CLANG_CXX_LANGUAGE_STANDARD = "gnu++0x";
				CLANG_CXX_LIBRARY = "libc++";
				CLANG_ENABLE_MODULES = YES;
				CLANG_ENABLE_OBJC_ARC = YES;
				CLANG_WARN_BOOL_CONVERSION = YES;
				CLANG_WARN_CONSTANT_CONVERSION = YES;
				CLANG_WARN_DIRECT_OBJC_ISA_USAGE = YES_ERROR;
				CLANG_WARN_EMPTY_BODY = YES;
				CLANG_WARN_ENUM_CONVERSION = YES;
				CLANG_WARN_INT_CONVERSION = YES;
				CLANG_WARN_OBJC_ROOT_CLASS = YES_ERROR;
				CLANG_WARN_UNREACHABLE_CODE = YES;
				CLANG_WARN__DUPLICATE_METHOD_MATCH = YES;
				"CODE_SIGN_IDENTITY[sdk=iphoneos*]" = "iPhone Developer";
				COPY_PHASE_STRIP = YES;
				ENABLE_NS_ASSERTIONS = NO;
				ENABLE_STRICT_OBJC_MSGSEND = YES;
				GCC_C_LANGUAGE_STANDARD = gnu99;
				GCC_WARN_64_TO_32_BIT_CONVERSION = YES;
				GCC_WARN_ABOUT_RETURN_TYPE = YES_ERROR;
				GCC_WARN_UNDECLARED_SELECTOR = YES;
				GCC_WARN_UNINITIALIZED_AUTOS = YES_AGGRESSIVE;
				GCC_WARN_UNUSED_FUNCTION = YES;
				GCC_WARN_UNUSED_VARIABLE = YES;
				IPHONEOS_DEPLOYMENT_TARGET = 8.1;
				MTL_ENABLE_DEBUG_INFO = NO;
				SDKROOT = iphoneos;
				VALIDATE_PRODUCT = YES;
			};
			name = Release;
		};
		69FED1B61AAA5DA100B0E276 /* Debug */ = {
			isa = XCBuildConfiguration;
			buildSettings = {
				ASSETCATALOG_COMPILER_APPICON_NAME = AppIcon;
				INFOPLIST_FILE = SmartQuotesDemo/Info.plist;
				LD_RUNPATH_SEARCH_PATHS = "$(inherited) @executable_path/Frameworks";
				PRODUCT_NAME = "$(TARGET_NAME)";
			};
			name = Debug;
		};
		69FED1B71AAA5DA100B0E276 /* Release */ = {
			isa = XCBuildConfiguration;
			buildSettings = {
				ASSETCATALOG_COMPILER_APPICON_NAME = AppIcon;
				INFOPLIST_FILE = SmartQuotesDemo/Info.plist;
				LD_RUNPATH_SEARCH_PATHS = "$(inherited) @executable_path/Frameworks";
				PRODUCT_NAME = "$(TARGET_NAME)";
			};
			name = Release;
		};
/* End XCBuildConfiguration section */

/* Begin XCConfigurationList section */
		69FED18D1AAA5DA100B0E276 /* Build configuration list for PBXProject "SmartQuotesDemo" */ = {
			isa = XCConfigurationList;
			buildConfigurations = (
				69FED1B31AAA5DA100B0E276 /* Debug */,
				69FED1B41AAA5DA100B0E276 /* Release */,
			);
			defaultConfigurationIsVisible = 0;
			defaultConfigurationName = Release;
		};
		69FED1B51AAA5DA100B0E276 /* Build configuration list for PBXNativeTarget "SmartQuotesDemo" */ = {
			isa = XCConfigurationList;
			buildConfigurations = (
				69FED1B61AAA5DA100B0E276 /* Debug */,
				69FED1B71AAA5DA100B0E276 /* Release */,
			);
			defaultConfigurationIsVisible = 0;
			defaultConfigurationName = Release;
		};
/* End XCConfigurationList section */
	};
	rootObject = 69FED18A1AAA5DA100B0E276 /* Project object */;
}
